dependencies:
  espressif/esp32-camera:
    component_hash: e00e75c24164b5d097bf98f325938558697916a0cb6b68872b9927587b46882a
    source:
      service_url: https://api.components.espressif.com/
      type: service
    version: 2.0.8
  idf:
    component_hash: null
    source:
      type: idf
    version: 5.1.2
manifest_hash: 60ee17210e09fa68f4a16fa08c5b1c56a7efc9e1454e412de3a9b9f580f340f0
target: esp32
version: 1.0.0
